
Microsoft Visual Studio Solution File, Format Version 12.00
# Visual Studio 15
VisualStudioVersion = 15.0.27428.2015
MinimumVisualStudioVersion = 10.0.40219.1
Project("{FAE04EC0-301F-11D3-BF4B-00C04F79EFBC}") = "Patstest", "Patstest\Patstest.csproj", "{68DD4739-7732-4B9F-9E71-4704134A548E}"
EndProject
Project("{FAE04EC0-301F-11D3-BF4B-00C04F79EFBC}") = "pfcf.pats", "..\patapitest\PATS\pfcf.pats.csproj", "{CAE0FFC1-EE90-4EE3-8662-2FA321DE3306}"
EndProject
Global
	GlobalSection(SolutionConfigurationPlatforms) = preSolution
		Debug|Any CPU = Debug|Any CPU
		Debug|x86 = Debug|x86
		Release|Any CPU = Release|Any CPU
		Release|x86 = Release|x86
	EndGlobalSection
	GlobalSection(ProjectConfigurationPlatforms) = postSolution
		{68DD4739-7732-4B9F-9E71-4704134A548E}.Debug|Any CPU.ActiveCfg = Debug|x86
		{68DD4739-7732-4B9F-9E71-4704134A548E}.Debug|x86.ActiveCfg = Debug|x86
		{68DD4739-7732-4B9F-9E71-4704134A548E}.Debug|x86.Build.0 = Debug|x86
		{68DD4739-7732-4B9F-9E71-4704134A548E}.Release|Any CPU.ActiveCfg = Release|x86
		{68DD4739-7732-4B9F-9E71-4704134A548E}.Release|x86.ActiveCfg = Release|x86
		{68DD4739-7732-4B9F-9E71-4704134A548E}.Release|x86.Build.0 = Release|x86
		{CAE0FFC1-EE90-4EE3-8662-2FA321DE3306}.Debug|Any CPU.ActiveCfg = Debug|Any CPU
		{CAE0FFC1-EE90-4EE3-8662-2FA321DE3306}.Debug|Any CPU.Build.0 = Debug|Any CPU
		{CAE0FFC1-EE90-4EE3-8662-2FA321DE3306}.Debug|x86.ActiveCfg = Debug|Any CPU
		{CAE0FFC1-EE90-4EE3-8662-2FA321DE3306}.Debug|x86.Build.0 = Debug|Any CPU
		{CAE0FFC1-EE90-4EE3-8662-2FA321DE3306}.Release|Any CPU.ActiveCfg = Release|Any CPU
		{CAE0FFC1-EE90-4EE3-8662-2FA321DE3306}.Release|Any CPU.Build.0 = Release|Any CPU
		{CAE0FFC1-EE90-4EE3-8662-2FA321DE3306}.Release|x86.ActiveCfg = Release|Any CPU
		{CAE0FFC1-EE90-4EE3-8662-2FA321DE3306}.Release|x86.Build.0 = Release|Any CPU
	EndGlobalSection
	GlobalSection(SolutionProperties) = preSolution
		HideSolutionNode = FALSE
	EndGlobalSection
	GlobalSection(ExtensibilityGlobals) = postSolution
		SolutionGuid = {7584B0CB-0915-4BB3-AC2C-61A87B03B064}
	EndGlobalSection
EndGlobal
